
Microsoft Visual Studio Solution File, Format Version 12.00
# Visual Studio 15
VisualStudioVersion = 15.0.27130.2036
MinimumVisualStudioVersion = 10.0.40219.1
Project("{9A19103F-16F7-4668-BE54-9A1E7A4F7556}") = "MySite", "MySite\MySite.csproj", "{F276E52E-5BB0-4FBB-863B-DB379AE7179E}"
EndProject
Project("{FAE04EC0-301F-11D3-BF4B-00C04F79EFBC}") = "MySite2", "MySite2\MySite2.csproj", "{88CAE387-418E-4D97-A87C-0F0521F8A368}"
EndProject
Project("{FAE04EC0-301F-11D3-BF4B-00C04F79EFBC}") = "MySite2.Tests", "MySite2.Tests\MySite2.Tests.csproj", "{5BF9B15F-F3CC-44B1-8D0C-3B38BAE7F0A7}"
EndProject
Global
	GlobalSection(SolutionConfigurationPlatforms) = preSolution
		Debug|Any CPU = Debug|Any CPU
		Release|Any CPU = Release|Any CPU
	EndGlobalSection
	GlobalSection(ProjectConfigurationPlatforms) = postSolution
		{F276E52E-5BB0-4FBB-863B-DB379AE7179E}.Debug|Any CPU.ActiveCfg = Debug|Any CPU
		{F276E52E-5BB0-4FBB-863B-DB379AE7179E}.Debug|Any CPU.Build.0 = Debug|Any CPU
		{F276E52E-5BB0-4FBB-863B-DB379AE7179E}.Release|Any CPU.ActiveCfg = Release|Any CPU
		{F276E52E-5BB0-4FBB-863B-DB379AE7179E}.Release|Any CPU.Build.0 = Release|Any CPU
		{88CAE387-418E-4D97-A87C-0F0521F8A368}.Debug|Any CPU.ActiveCfg = Debug|Any CPU
		{88CAE387-418E-4D97-A87C-0F0521F8A368}.Debug|Any CPU.Build.0 = Debug|Any CPU
		{88CAE387-418E-4D97-A87C-0F0521F8A368}.Release|Any CPU.ActiveCfg = Release|Any CPU
		{88CAE387-418E-4D97-A87C-0F0521F8A368}.Release|Any CPU.Build.0 = Release|Any CPU
		{5BF9B15F-F3CC-44B1-8D0C-3B38BAE7F0A7}.Debug|Any CPU.ActiveCfg = Debug|Any CPU
		{5BF9B15F-F3CC-44B1-8D0C-3B38BAE7F0A7}.Debug|Any CPU.Build.0 = Debug|Any CPU
		{5BF9B15F-F3CC-44B1-8D0C-3B38BAE7F0A7}.Release|Any CPU.ActiveCfg = Release|Any CPU
		{5BF9B15F-F3CC-44B1-8D0C-3B38BAE7F0A7}.Release|Any CPU.Build.0 = Release|Any CPU
	EndGlobalSection
	GlobalSection(SolutionProperties) = preSolution
		HideSolutionNode = FALSE
	EndGlobalSection
	GlobalSection(ExtensibilityGlobals) = postSolution
		SolutionGuid = {DD7A90CF-1582-4CF4-BF8B-BD14771E4AAD}
	EndGlobalSection
EndGlobal
